
Microsoft Visual Studio Solution File, Format Version 12.00
# Visual Studio Version 17
VisualStudioVersion = 17.4.33213.308
MinimumVisualStudioVersion = 10.0.40219.1
Project("{FAE04EC0-301F-11D3-BF4B-00C04F79EFBC}") = "StudentsAppMVC", "StudentsAppMVC\StudentsAppMVC.csproj", "{9087576D-06BB-4FB1-8F12-35448B6BCE6C}"
EndProject
Global
	GlobalSection(SolutionConfigurationPlatforms) = preSolution
		Debug|Any CPU = Debug|Any CPU
		Release|Any CPU = Release|Any CPU
	EndGlobalSection
	GlobalSection(ProjectConfigurationPlatforms) = postSolution
		{9087576D-06BB-4FB1-8F12-35448B6BCE6C}.Debug|Any CPU.ActiveCfg = Debug|Any CPU
		{9087576D-06BB-4FB1-8F12-35448B6BCE6C}.Debug|Any CPU.Build.0 = Debug|Any CPU
		{9087576D-06BB-4FB1-8F12-35448B6BCE6C}.Release|Any CPU.ActiveCfg = Release|Any CPU
		{9087576D-06BB-4FB1-8F12-35448B6BCE6C}.Release|Any CPU.Build.0 = Release|Any CPU
	EndGlobalSection
	GlobalSection(SolutionProperties) = preSolution
		HideSolutionNode = FALSE
	EndGlobalSection
	GlobalSection(ExtensibilityGlobals) = postSolution
		SolutionGuid = {FB5879AD-B7FF-45E9-B38A-28CB005931C8}
	EndGlobalSection
EndGlobal
